
Microsoft Visual Studio Solution File, Format Version 12.00
Project("{FAE04EC0-301F-11D3-BF4B-00C04F79EFBC}") = "AbstractClassesDemoCSharp-51", "AbstractClassesDemoCSharp-51\AbstractClassesDemoCSharp-51.csproj", "{43BFEF4B-6D8D-4CA4-A377-EE6B163B2E06}"
EndProject
Global
	GlobalSection(SolutionConfigurationPlatforms) = preSolution
		Debug|Any CPU = Debug|Any CPU
		Release|Any CPU = Release|Any CPU
	EndGlobalSection
	GlobalSection(ProjectConfigurationPlatforms) = postSolution
		{43BFEF4B-6D8D-4CA4-A377-EE6B163B2E06}.Debug|Any CPU.ActiveCfg = Debug|Any CPU
		{43BFEF4B-6D8D-4CA4-A377-EE6B163B2E06}.Debug|Any CPU.Build.0 = Debug|Any CPU
		{43BFEF4B-6D8D-4CA4-A377-EE6B163B2E06}.Release|Any CPU.ActiveCfg = Release|Any CPU
		{43BFEF4B-6D8D-4CA4-A377-EE6B163B2E06}.Release|Any CPU.Build.0 = Release|Any CPU
	EndGlobalSection
EndGlobal
